
Microsoft Visual Studio Solution File, Format Version 12.00
# Visual Studio Version 16
VisualStudioVersion = 16.0.31005.135
MinimumVisualStudioVersion = 10.0.40219.1
Project("{FAE04EC0-301F-11D3-BF4B-00C04F79EFBC}") = "KLAPC6_2HET", "KLAPC6_2HET\KLAPC6_2HET.csproj", "{D3C27A7D-930F-484C-A2E1-201A5302A617}"
EndProject
Global
	GlobalSection(SolutionConfigurationPlatforms) = preSolution
		Debug|Any CPU = Debug|Any CPU
		Release|Any CPU = Release|Any CPU
	EndGlobalSection
	GlobalSection(ProjectConfigurationPlatforms) = postSolution
		{D3C27A7D-930F-484C-A2E1-201A5302A617}.Debug|Any CPU.ActiveCfg = Debug|Any CPU
		{D3C27A7D-930F-484C-A2E1-201A5302A617}.Debug|Any CPU.Build.0 = Debug|Any CPU
		{D3C27A7D-930F-484C-A2E1-201A5302A617}.Release|Any CPU.ActiveCfg = Release|Any CPU
		{D3C27A7D-930F-484C-A2E1-201A5302A617}.Release|Any CPU.Build.0 = Release|Any CPU
	EndGlobalSection
	GlobalSection(SolutionProperties) = preSolution
		HideSolutionNode = FALSE
	EndGlobalSection
	GlobalSection(ExtensibilityGlobals) = postSolution
		SolutionGuid = {092594C8-8F23-4A42-98BC-9FA352E2135B}
	EndGlobalSection
EndGlobal
